
Microsoft Visual Studio Solution File, Format Version 12.00
# Visual Studio 15
VisualStudioVersion = 15.0.28307.645
MinimumVisualStudioVersion = 10.0.40219.1
Project("{D2ABAB84-BF74-430A-B69E-9DC6D40DDA17}") = "MultidimensionalProject1", "MultidimensionalProject1\MultidimensionalProject1.dwproj", "{93FF12C0-B92C-4B5B-96A4-04D8B99BC05B}"
EndProject
Global
	GlobalSection(SolutionConfigurationPlatforms) = preSolution
		Development|Default = Development|Default
	EndGlobalSection
	GlobalSection(ProjectConfigurationPlatforms) = postSolution
		{93FF12C0-B92C-4B5B-96A4-04D8B99BC05B}.Development|Default.ActiveCfg = Development
		{93FF12C0-B92C-4B5B-96A4-04D8B99BC05B}.Development|Default.Build.0 = Development
		{93FF12C0-B92C-4B5B-96A4-04D8B99BC05B}.Development|Default.Deploy.0 = Development
	EndGlobalSection
	GlobalSection(SolutionProperties) = preSolution
		HideSolutionNode = FALSE
	EndGlobalSection
	GlobalSection(ExtensibilityGlobals) = postSolution
		SolutionGuid = {5F46F50E-AE04-48C3-8D85-7230FA0BEECA}
	EndGlobalSection
EndGlobal
